# @generated by Move, please check-in and do not edit manually.

[move]
version = 3
manifest_digest = "0E5FDDAEDD82C116854FF462656542F0CE9F474D0B4950E93323C2A926A3D582"
deps_digest = "F8BBB0CCB2491CA29A3DF03D6F92277A4F3574266507ACD77214D37ECA3F3082"
dependencies = [
  { id = "Sui", name = "Sui" },
]

[[move.package]]
id = "MoveStdlib"
source = { git = "https://github.com/MystenLabs/sui.git", rev = "testnet-v1.55.0", subdir = "crates\\sui-framework\\packages\\move-stdlib" }

[[move.package]]
id = "Sui"
source = { git = "https://github.com/MystenLabs/sui.git", rev = "testnet-v1.55.0", subdir = "crates/sui-framework/packages/sui-framework" }

dependencies = [
  { id = "MoveStdlib", name = "MoveStdlib" },
]

[move.toolchain-version]
compiler-version = "1.55.0"
edition = "2024.beta"
flavor = "sui"

[env]

[env.testnet]
chain-id = "4c78adac"
original-published-id = "0x8cbc2c5ec0e14727f7ff47f188ac71b2e363c0b352203b31102a96443c077e8c"
latest-published-id = "0x8cbc2c5ec0e14727f7ff47f188ac71b2e363c0b352203b31102a96443c077e8c"
published-version = "1"
