# @generated by Move, please check-in and do not edit manually.

[move]
version = 3
manifest_digest = "F11B9C208D0AFBED84AEB8B4A34930ADA68CA5E2E936335A0CD28F868AA8ECCF"
deps_digest = "F8BBB0CCB2491CA29A3DF03D6F92277A4F3574266507ACD77214D37ECA3F3082"
dependencies = [
  { id = "Sui", name = "Sui" },
]

[[move.package]]
id = "MoveStdlib"
source = { git = "https://github.com/MystenLabs/sui.git", rev = "framework/testnet", subdir = "crates\\sui-framework\\packages\\move-stdlib" }

[[move.package]]
id = "Sui"
source = { git = "https://github.com/MystenLabs/sui.git", rev = "framework/testnet", subdir = "crates/sui-framework/packages/sui-framework" }

dependencies = [
  { id = "MoveStdlib", name = "MoveStdlib" },
]

[move.toolchain-version]
compiler-version = "1.55.0"
edition = "2024.beta"
flavor = "sui"

[env]

[env.testnet]
chain-id = "4c78adac"
original-published-id = "0xb22c3866a23368fcde98b07b1e045c73c916f2e6d4eb927d8a90e7807107257c"
latest-published-id = "0xb22c3866a23368fcde98b07b1e045c73c916f2e6d4eb927d8a90e7807107257c"
published-version = "1"
